
Microsoft Visual Studio Solution File, Format Version 12.00
# Visual Studio Version 17
VisualStudioVersion = 17.1.32210.238
MinimumVisualStudioVersion = 10.0.40219.1
Project("{9A19103F-16F7-4668-BE54-9A1E7A4F7556}") = "netcore-cli-webapi-test", "netcore-cli-webapi-test.csproj", "{6CAE1649-8E02-465A-B059-0E651E3587B5}"
EndProject
Global
	GlobalSection(SolutionConfigurationPlatforms) = preSolution
		Debug|Any CPU = Debug|Any CPU
		Release|Any CPU = Release|Any CPU
	EndGlobalSection
	GlobalSection(ProjectConfigurationPlatforms) = postSolution
		{6CAE1649-8E02-465A-B059-0E651E3587B5}.Debug|Any CPU.ActiveCfg = Debug|Any CPU
		{6CAE1649-8E02-465A-B059-0E651E3587B5}.Debug|Any CPU.Build.0 = Debug|Any CPU
		{6CAE1649-8E02-465A-B059-0E651E3587B5}.Release|Any CPU.ActiveCfg = Release|Any CPU
		{6CAE1649-8E02-465A-B059-0E651E3587B5}.Release|Any CPU.Build.0 = Release|Any CPU
	EndGlobalSection
	GlobalSection(SolutionProperties) = preSolution
		HideSolutionNode = FALSE
	EndGlobalSection
	GlobalSection(ExtensibilityGlobals) = postSolution
		SolutionGuid = {E047DCB9-86EE-491C-8B66-8C0DDEE91908}
	EndGlobalSection
EndGlobal
